Microsoft Visual Studio Solution File, Format Version 12.00
# Visual Studio 15
VisualStudioVersion = 15.0.26124.0
MinimumVisualStudioVersion = 15.0.26124.0
Project("{9A19103F-16F7-4668-BE54-9A1E7A4F7556}") = "CasinoData.Svc", "CasinoData.Svc\CasinoData.Svc.csproj", "{C0CAA40C-1729-4B7C-A0DD-7884641E5263}"
EndProject
Global
	GlobalSection(SolutionConfigurationPlatforms) = preSolution
		Debug|Any CPU = Debug|Any CPU
		Debug|x64 = Debug|x64
		Debug|x86 = Debug|x86
		Release|Any CPU = Release|Any CPU
		Release|x64 = Release|x64
		Release|x86 = Release|x86
	EndGlobalSection
	GlobalSection(ProjectConfigurationPlatforms) = postSolution
		{C0CAA40C-1729-4B7C-A0DD-7884641E5263}.Debug|Any CPU.ActiveCfg = Debug|Any CPU
		{C0CAA40C-1729-4B7C-A0DD-7884641E5263}.Debug|Any CPU.Build.0 = Debug|Any CPU
		{C0CAA40C-1729-4B7C-A0DD-7884641E5263}.Debug|x64.ActiveCfg = Debug|Any CPU
		{C0CAA40C-1729-4B7C-A0DD-7884641E5263}.Debug|x64.Build.0 = Debug|Any CPU
		{C0CAA40C-1729-4B7C-A0DD-7884641E5263}.Debug|x86.ActiveCfg = Debug|Any CPU
		{C0CAA40C-1729-4B7C-A0DD-7884641E5263}.Debug|x86.Build.0 = Debug|Any CPU
		{C0CAA40C-1729-4B7C-A0DD-7884641E5263}.Release|Any CPU.ActiveCfg = Release|Any CPU
		{C0CAA40C-1729-4B7C-A0DD-7884641E5263}.Release|Any CPU.Build.0 = Release|Any CPU
		{C0CAA40C-1729-4B7C-A0DD-7884641E5263}.Release|x64.ActiveCfg = Release|Any CPU
		{C0CAA40C-1729-4B7C-A0DD-7884641E5263}.Release|x64.Build.0 = Release|Any CPU
		{C0CAA40C-1729-4B7C-A0DD-7884641E5263}.Release|x86.ActiveCfg = Release|Any CPU
		{C0CAA40C-1729-4B7C-A0DD-7884641E5263}.Release|x86.Build.0 = Release|Any CPU
	EndGlobalSection
	GlobalSection(SolutionProperties) = preSolution
		HideSolutionNode = FALSE
	EndGlobalSection
	GlobalSection(ExtensibilityGlobals) = postSolution
		SolutionGuid = {62C749A9-036B-4C0D-93AF-423A7C6AF96F}
	EndGlobalSection
EndGlobal
